
Microsoft Visual Studio Solution File, Format Version 12.00
# Visual Studio Version 17
VisualStudioVersion = 17.8.34316.72
MinimumVisualStudioVersion = 10.0.40219.1
Project("{FAE04EC0-301F-11D3-BF4B-00C04F79EFBC}") = "PokeReview", "PokeReview\PokeReview.csproj", "{A413B979-DA34-42CC-BF82-0A3F877E625D}"
EndProject
Global
	GlobalSection(SolutionConfigurationPlatforms) = preSolution
		Debug|Any CPU = Debug|Any CPU
		Release|Any CPU = Release|Any CPU
	EndGlobalSection
	GlobalSection(ProjectConfigurationPlatforms) = postSolution
		{A413B979-DA34-42CC-BF82-0A3F877E625D}.Debug|Any CPU.ActiveCfg = Debug|Any CPU
		{A413B979-DA34-42CC-BF82-0A3F877E625D}.Debug|Any CPU.Build.0 = Debug|Any CPU
		{A413B979-DA34-42CC-BF82-0A3F877E625D}.Release|Any CPU.ActiveCfg = Release|Any CPU
		{A413B979-DA34-42CC-BF82-0A3F877E625D}.Release|Any CPU.Build.0 = Release|Any CPU
	EndGlobalSection
	GlobalSection(SolutionProperties) = preSolution
		HideSolutionNode = FALSE
	EndGlobalSection
	GlobalSection(ExtensibilityGlobals) = postSolution
		SolutionGuid = {3F621B2C-F7AB-4A2B-BEE5-BA68403DCC41}
	EndGlobalSection
EndGlobal
